
Microsoft Visual Studio Solution File, Format Version 12.00
# Visual Studio Version 17
VisualStudioVersion = 17.11.35431.28
MinimumVisualStudioVersion = 10.0.40219.1
Project("{FAE04EC0-301F-11D3-BF4B-00C04F79EFBC}") = "RideshareConsole", "RideshareConsole.csproj", "{D5A429E7-2BF9-4C24-BAA5-347C7C1F534B}"
EndProject
Global
	GlobalSection(SolutionConfigurationPlatforms) = preSolution
		Debug|Any CPU = Debug|Any CPU
		Release|Any CPU = Release|Any CPU
	EndGlobalSection
	GlobalSection(ProjectConfigurationPlatforms) = postSolution
		{D5A429E7-2BF9-4C24-BAA5-347C7C1F534B}.Debug|Any CPU.ActiveCfg = Debug|Any CPU
		{D5A429E7-2BF9-4C24-BAA5-347C7C1F534B}.Debug|Any CPU.Build.0 = Debug|Any CPU
		{D5A429E7-2BF9-4C24-BAA5-347C7C1F534B}.Release|Any CPU.ActiveCfg = Release|Any CPU
		{D5A429E7-2BF9-4C24-BAA5-347C7C1F534B}.Release|Any CPU.Build.0 = Release|Any CPU
	EndGlobalSection
	GlobalSection(SolutionProperties) = preSolution
		HideSolutionNode = FALSE
	EndGlobalSection
	GlobalSection(ExtensibilityGlobals) = postSolution
		SolutionGuid = {E41E0782-3EB2-4624-9F57-531218F541AC}
	EndGlobalSection
EndGlobal
